
Microsoft Visual Studio Solution File, Format Version 12.00
# Visual Studio Version 17
VisualStudioVersion = 17.13.35919.96
MinimumVisualStudioVersion = 10.0.40219.1
Project("{FAE04EC0-301F-11D3-BF4B-00C04F79EFBC}") = "SwifterTheDragon.DisabledDomainReloadHelper.SourceGenerator", "src\SwifterTheDragon.DisabledDomainReloadHelper.SourceGenerator\SwifterTheDragon.DisabledDomainReloadHelper.SourceGenerator.csproj", "{82A48FE9-50A0-BF29-7DA5-004BF8C2C605}"
EndProject
Global
	GlobalSection(SolutionConfigurationPlatforms) = preSolution
		Debug|Any CPU = Debug|Any CPU
		Release|Any CPU = Release|Any CPU
	EndGlobalSection
	GlobalSection(ProjectConfigurationPlatforms) = postSolution
		{82A48FE9-50A0-BF29-7DA5-004BF8C2C605}.Debug|Any CPU.ActiveCfg = Debug|Any CPU
		{82A48FE9-50A0-BF29-7DA5-004BF8C2C605}.Debug|Any CPU.Build.0 = Debug|Any CPU
		{82A48FE9-50A0-BF29-7DA5-004BF8C2C605}.Release|Any CPU.ActiveCfg = Release|Any CPU
		{82A48FE9-50A0-BF29-7DA5-004BF8C2C605}.Release|Any CPU.Build.0 = Release|Any CPU
	EndGlobalSection
	GlobalSection(SolutionProperties) = preSolution
		HideSolutionNode = FALSE
	EndGlobalSection
	GlobalSection(ExtensibilityGlobals) = postSolution
		SolutionGuid = {68F986F5-A19F-4DD5-92C7-AC10FD9AE5EC}
	EndGlobalSection
EndGlobal
